// !$*UTF8*$!
{
	archiveVersion = 1;
	classes = {
	};
	objectVersion = 56;
	objects = {

/* Begin PBXBuildFile section */
		931FBE4329514C740054D9B2 /* MenToMenApp.swift in Sources */ = {isa = PBXBuildFile; fileRef = 931FBE4229514C740054D9B2 /* MenToMenApp.swift */; };
		931FBE4529514C740054D9B2 /* ContentView.swift in Sources */ = {isa = PBXBuildFile; fileRef = 931FBE4429514C740054D9B2 /* ContentView.swift */; };
		931FBE4729514C750054D9B2 /* Assets.xcassets in Resources */ = {isa = PBXBuildFile; fileRef = 931FBE4629514C750054D9B2 /* Assets.xcassets */; };
		931FBE4A29514C750054D9B2 /* Preview Assets.xcassets in Resources */ = {isa = PBXBuildFile; fileRef = 931FBE4929514C750054D9B2 /* Preview Assets.xcassets */; };
		931FBE5229514D890054D9B2 /* Alamofire in Frameworks */ = {isa = PBXBuildFile; productRef = 931FBE5129514D890054D9B2 /* Alamofire */; };
		931FBE5829514E4A0054D9B2 /* LoginView.swift in Sources */ = {isa = PBXBuildFile; fileRef = 931FBE5729514E4A0054D9B2 /* LoginView.swift */; };
		931FBE5A29514E530054D9B2 /* LoginController.swift in Sources */ = {isa = PBXBuildFile; fileRef = 931FBE5929514E530054D9B2 /* LoginController.swift */; };
		931FBE5D29514ED10054D9B2 /* Constants.swift in Sources */ = {isa = PBXBuildFile; fileRef = 931FBE5C29514ED10054D9B2 /* Constants.swift */; };
		931FBE5F29514F680054D9B2 /* Responses.swift in Sources */ = {isa = PBXBuildFile; fileRef = 931FBE5E29514F680054D9B2 /* Responses.swift */; };
		931FBE62295151260054D9B2 /* AuthController.swift in Sources */ = {isa = PBXBuildFile; fileRef = 931FBE61295151260054D9B2 /* AuthController.swift */; };
		931FBE642951514C0054D9B2 /* LoginData.swift in Sources */ = {isa = PBXBuildFile; fileRef = 931FBE632951514C0054D9B2 /* LoginData.swift */; };
		931FBE66295152D00054D9B2 /* Extensions.swift in Sources */ = {isa = PBXBuildFile; fileRef = 931FBE65295152D00054D9B2 /* Extensions.swift */; };
		931FBE6D29518BE90054D9B2 /* TextField.swift in Sources */ = {isa = PBXBuildFile; fileRef = 931FBE6C29518BE90054D9B2 /* TextField.swift */; };
		931FBE7029518C3C0054D9B2 /* CachedAsyncImage in Frameworks */ = {isa = PBXBuildFile; productRef = 931FBE6F29518C3C0054D9B2 /* CachedAsyncImage */; };
		931FBE7229518D230054D9B2 /* ShakeEffect.swift in Sources */ = {isa = PBXBuildFile; fileRef = 931FBE7129518D230054D9B2 /* ShakeEffect.swift */; };
		931FBE74295190720054D9B2 /* Launch Screen.storyboard in Resources */ = {isa = PBXBuildFile; fileRef = 931FBE73295190720054D9B2 /* Launch Screen.storyboard */; };
/* End PBXBuildFile section */

/* Begin PBXFileReference section */
		931FBE3F29514C740054D9B2 /* MenToMen.app */ = {isa = PBXFileReference; explicitFileType = wrapper.application; includeInIndex = 0; path = MenToMen.app; sourceTree = BUILT_PRODUCTS_DIR; };
		931FBE4229514C740054D9B2 /* MenToMenApp.swift */ = {isa = PBXFileReference; lastKnownFileType = sourcecode.swift; path = MenToMenApp.swift; sourceTree = "<group>"; };
		931FBE4429514C740054D9B2 /* ContentView.swift */ = {isa = PBXFileReference; lastKnownFileType = sourcecode.swift; path = ContentView.swift; sourceTree = "<group>"; };
		931FBE4629514C750054D9B2 /* Assets.xcassets */ = {isa = PBXFileReference; lastKnownFileType = folder.assetcatalog; path = Assets.xcassets; sourceTree = "<group>"; };
		931FBE4929514C750054D9B2 /* Preview Assets.xcassets */ = {isa = PBXFileReference; lastKnownFileType = folder.assetcatalog; path = "Preview Assets.xcassets"; sourceTree = "<group>"; };
		931FBE5729514E4A0054D9B2 /* LoginView.swift */ = {isa = PBXFileReference; lastKnownFileType = sourcecode.swift; path = LoginView.swift; sourceTree = "<group>"; };
		931FBE5929514E530054D9B2 /* LoginController.swift */ = {isa = PBXFileReference; lastKnownFileType = sourcecode.swift; path = LoginController.swift; sourceTree = "<group>"; };
		931FBE5C29514ED10054D9B2 /* Constants.swift */ = {isa = PBXFileReference; lastKnownFileType = sourcecode.swift; path = Constants.swift; sourceTree = "<group>"; };
		931FBE5E29514F680054D9B2 /* Responses.swift */ = {isa = PBXFileReference; lastKnownFileType = sourcecode.swift; path = Responses.swift; sourceTree = "<group>"; };
		931FBE61295151260054D9B2 /* AuthController.swift */ = {isa = PBXFileReference; lastKnownFileType = sourcecode.swift; path = AuthController.swift; sourceTree = "<group>"; };
		931FBE632951514C0054D9B2 /* LoginData.swift */ = {isa = PBXFileReference; lastKnownFileType = sourcecode.swift; path = LoginData.swift; sourceTree = "<group>"; };
		931FBE65295152D00054D9B2 /* Extensions.swift */ = {isa = PBXFileReference; lastKnownFileType = sourcecode.swift; path = Extensions.swift; sourceTree = "<group>"; };
		931FBE6A29515EDB0054D9B2 /* Info.plist */ = {isa = PBXFileReference; lastKnownFileType = text.plist; path = Info.plist; sourceTree = "<group>"; };
		931FBE6C29518BE90054D9B2 /* TextField.swift */ = {isa = PBXFileReference; lastKnownFileType = sourcecode.swift; path = TextField.swift; sourceTree = "<group>"; };
		931FBE7129518D230054D9B2 /* ShakeEffect.swift */ = {isa = PBXFileReference; lastKnownFileType = sourcecode.swift; path = ShakeEffect.swift; sourceTree = "<group>"; };
		931FBE73295190720054D9B2 /* Launch Screen.storyboard */ = {isa = PBXFileReference; lastKnownFileType = file.storyboard; path = "Launch Screen.storyboard"; sourceTree = "<group>"; };
/* End PBXFileReference section */

/* Begin PBXFrameworksBuildPhase section */
		931FBE3C29514C740054D9B2 /* Frameworks */ = {
			isa = PBXFrameworksBuildPhase;
			buildActionMask = 2147483647;
			files = (
				931FBE5229514D890054D9B2 /* Alamofire in Frameworks */,
				931FBE7029518C3C0054D9B2 /* CachedAsyncImage in Frameworks */,
			);
			runOnlyForDeploymentPostprocessing = 0;
		};
/* End PBXFrameworksBuildPhase section */

/* Begin PBXGroup section */
		931FBE3629514C740054D9B2 = {
			isa = PBXGroup;
			children = (
				931FBE4129514C740054D9B2 /* MenToMen */,
				931FBE4029514C740054D9B2 /* Products */,
			);
			sourceTree = "<group>";
		};
		931FBE4029514C740054D9B2 /* Products */ = {
			isa = PBXGroup;
			children = (
				931FBE3F29514C740054D9B2 /* MenToMen.app */,
			);
			name = Products;
			sourceTree = "<group>";
		};
		931FBE4129514C740054D9B2 /* MenToMen */ = {
			isa = PBXGroup;
			children = (
				931FBE6A29515EDB0054D9B2 /* Info.plist */,
				931FBE73295190720054D9B2 /* Launch Screen.storyboard */,
				931FBE4229514C740054D9B2 /* MenToMenApp.swift */,
				931FBE4429514C740054D9B2 /* ContentView.swift */,
				931FBE5B29514EC00054D9B2 /* Presets */,
				931FBE6B29518BD30054D9B2 /* Custom */,
				931FBE602951511A0054D9B2 /* Auth */,
				931FBE5629514E410054D9B2 /* Login */,
				931FBE4629514C750054D9B2 /* Assets.xcassets */,
				931FBE4829514C750054D9B2 /* Preview Content */,
			);
			path = MenToMen;
			sourceTree = "<group>";
		};
		931FBE4829514C750054D9B2 /* Preview Content */ = {
			isa = PBXGroup;
			children = (
				931FBE4929514C750054D9B2 /* Preview Assets.xcassets */,
			);
			path = "Preview Content";
			sourceTree = "<group>";
		};
		931FBE5629514E410054D9B2 /* Login */ = {
			isa = PBXGroup;
			children = (
				931FBE5729514E4A0054D9B2 /* LoginView.swift */,
				931FBE632951514C0054D9B2 /* LoginData.swift */,
				931FBE5929514E530054D9B2 /* LoginController.swift */,
			);
			path = Login;
			sourceTree = "<group>";
		};
		931FBE5B29514EC00054D9B2 /* Presets */ = {
			isa = PBXGroup;
			children = (
				931FBE5C29514ED10054D9B2 /* Constants.swift */,
				931FBE5E29514F680054D9B2 /* Responses.swift */,
				931FBE65295152D00054D9B2 /* Extensions.swift */,
			);
			path = Presets;
			sourceTree = "<group>";
		};
		931FBE602951511A0054D9B2 /* Auth */ = {
			isa = PBXGroup;
			children = (
				931FBE61295151260054D9B2 /* AuthController.swift */,
			);
			path = Auth;
			sourceTree = "<group>";
		};
		931FBE6B29518BD30054D9B2 /* Custom */ = {
			isa = PBXGroup;
			children = (
				931FBE6C29518BE90054D9B2 /* TextField.swift */,
				931FBE7129518D230054D9B2 /* ShakeEffect.swift */,
			);
			path = Custom;
			sourceTree = "<group>";
		};
/* End PBXGroup section */

/* Begin PBXNativeTarget section */
		931FBE3E29514C740054D9B2 /* MenToMen */ = {
			isa = PBXNativeTarget;
			buildConfigurationList = 931FBE4D29514C750054D9B2 /* Build configuration list for PBXNativeTarget "MenToMen" */;
			buildPhases = (
				931FBE3B29514C740054D9B2 /* Sources */,
				931FBE3C29514C740054D9B2 /* Frameworks */,
				931FBE3D29514C740054D9B2 /* Resources */,
			);
			buildRules = (
			);
			dependencies = (
			);
			name = MenToMen;
			packageProductDependencies = (
				931FBE5129514D890054D9B2 /* Alamofire */,
				931FBE6F29518C3C0054D9B2 /* CachedAsyncImage */,
			);
			productName = MenToMen;
			productReference = 931FBE3F29514C740054D9B2 /* MenToMen.app */;
			productType = "com.apple.product-type.application";
		};
/* End PBXNativeTarget section */

/* Begin PBXProject section */
		931FBE3729514C740054D9B2 /* Project object */ = {
			isa = PBXProject;
			attributes = {
				BuildIndependentTargetsInParallel = 1;
				LastSwiftUpdateCheck = 1420;
				LastUpgradeCheck = 1420;
				TargetAttributes = {
					931FBE3E29514C740054D9B2 = {
						CreatedOnToolsVersion = 14.2;
					};
				};
			};
			buildConfigurationList = 931FBE3A29514C740054D9B2 /* Build configuration list for PBXProject "MenToMen" */;
			compatibilityVersion = "Xcode 14.0";
			developmentRegion = en;
			hasScannedForEncodings = 0;
			knownRegions = (
				en,
				Base,
			);
			mainGroup = 931FBE3629514C740054D9B2;
			packageReferences = (
				931FBE5029514D890054D9B2 /* XCRemoteSwiftPackageReference "Alamofire" */,
				931FBE6E29518C3C0054D9B2 /* XCRemoteSwiftPackageReference "swiftui-cached-async-image" */,
			);
			productRefGroup = 931FBE4029514C740054D9B2 /* Products */;
			projectDirPath = "";
			projectRoot = "";
			targets = (
				931FBE3E29514C740054D9B2 /* MenToMen */,
			);
		};
/* End PBXProject section */

/* Begin PBXResourcesBuildPhase section */
		931FBE3D29514C740054D9B2 /* Resources */ = {
			isa = PBXResourcesBuildPhase;
			buildActionMask = 2147483647;
			files = (
				931FBE74295190720054D9B2 /* Launch Screen.storyboard in Resources */,
				931FBE4A29514C750054D9B2 /* Preview Assets.xcassets in Resources */,
				931FBE4729514C750054D9B2 /* Assets.xcassets in Resources */,
			);
			runOnlyForDeploymentPostprocessing = 0;
		};
/* End PBXResourcesBuildPhase section */

/* Begin PBXSourcesBuildPhase section */
		931FBE3B29514C740054D9B2 /* Sources */ = {
			isa = PBXSourcesBuildPhase;
			buildActionMask = 2147483647;
			files = (
				931FBE5D29514ED10054D9B2 /* Constants.swift in Sources */,
				931FBE66295152D00054D9B2 /* Extensions.swift in Sources */,
				931FBE5F29514F680054D9B2 /* Responses.swift in Sources */,
				931FBE6D29518BE90054D9B2 /* TextField.swift in Sources */,
				931FBE5829514E4A0054D9B2 /* LoginView.swift in Sources */,
				931FBE5A29514E530054D9B2 /* LoginController.swift in Sources */,
				931FBE4529514C740054D9B2 /* ContentView.swift in Sources */,
				931FBE642951514C0054D9B2 /* LoginData.swift in Sources */,
				931FBE62295151260054D9B2 /* AuthController.swift in Sources */,
				931FBE4329514C740054D9B2 /* MenToMenApp.swift in Sources */,
				931FBE7229518D230054D9B2 /* ShakeEffect.swift in Sources */,
			);
			runOnlyForDeploymentPostprocessing = 0;
		};
/* End PBXSourcesBuildPhase section */

/* Begin XCBuildConfiguration section */
		931FBE4B29514C750054D9B2 /* Debug */ = {
			isa = XCBuildConfiguration;
			buildSettings = {
				ALWAYS_SEARCH_USER_PATHS = NO;
				CLANG_ANALYZER_NONNULL = YES;
				CLANG_ANALYZER_NUMBER_OBJECT_CONVERSION = YES_AGGRESSIVE;
				CLANG_CXX_LANGUAGE_STANDARD = "gnu++20";
				CLANG_ENABLE_MODULES = YES;
				CLANG_ENABLE_OBJC_ARC = YES;
				CLANG_ENABLE_OBJC_WEAK = YES;
				CLANG_WARN_BLOCK_CAPTURE_AUTORELEASING = YES;
				CLANG_WARN_BOOL_CONVERSION = YES;
				CLANG_WARN_COMMA = YES;
				CLANG_WARN_CONSTANT_CONVERSION = YES;
				CLANG_WARN_DEPRECATED_OBJC_IMPLEMENTATIONS = YES;
				CLANG_WARN_DIRECT_OBJC_ISA_USAGE = YES_ERROR;
				CLANG_WARN_DOCUMENTATION_COMMENTS = YES;
				CLANG_WARN_EMPTY_BODY = YES;
				CLANG_WARN_ENUM_CONVERSION = YES;
				CLANG_WARN_INFINITE_RECURSION = YES;
				CLANG_WARN_INT_CONVERSION = YES;
				CLANG_WARN_NON_LITERAL_NULL_CONVERSION = YES;
				CLANG_WARN_OBJC_IMPLICIT_RETAIN_SELF = YES;
				CLANG_WARN_OBJC_LITERAL_CONVERSION = YES;
				CLANG_WARN_OBJC_ROOT_CLASS = YES_ERROR;
				CLANG_WARN_QUOTED_INCLUDE_IN_FRAMEWORK_HEADER = YES;
				CLANG_WARN_RANGE_LOOP_ANALYSIS = YES;
				CLANG_WARN_STRICT_PROTOTYPES = YES;
				CLANG_WARN_SUSPICIOUS_MOVE = YES;
				CLANG_WARN_UNGUARDED_AVAILABILITY = YES_AGGRESSIVE;
				CLANG_WARN_UNREACHABLE_CODE = YES;
				CLANG_WARN__DUPLICATE_METHOD_MATCH = YES;
				COPY_PHASE_STRIP = NO;
				DEBUG_INFORMATION_FORMAT = dwarf;
				ENABLE_STRICT_OBJC_MSGSEND = YES;
				ENABLE_TESTABILITY = YES;
				GCC_C_LANGUAGE_STANDARD = gnu11;
				GCC_DYNAMIC_NO_PIC = NO;
				GCC_NO_COMMON_BLOCKS = YES;
				GCC_OPTIMIZATION_LEVEL = 0;
				GCC_PREPROCESSOR_DEFINITIONS = (
					"DEBUG=1",
					"$(inherited)",
				);
				GCC_WARN_64_TO_32_BIT_CONVERSION = YES;
				GCC_WARN_ABOUT_RETURN_TYPE = YES_ERROR;
				GCC_WARN_UNDECLARED_SELECTOR = YES;
				GCC_WARN_UNINITIALIZED_AUTOS = YES_AGGRESSIVE;
				GCC_WARN_UNUSED_FUNCTION = YES;
				GCC_WARN_UNUSED_VARIABLE = YES;
				IPHONEOS_DEPLOYMENT_TARGET = 15.0;
				MTL_ENABLE_DEBUG_INFO = INCLUDE_SOURCE;
				MTL_FAST_MATH = YES;
				ONLY_ACTIVE_ARCH = YES;
				SDKROOT = iphoneos;
				SWIFT_ACTIVE_COMPILATION_CONDITIONS = DEBUG;
				SWIFT_OPTIMIZATION_LEVEL = "-Onone";
			};
			name = Debug;
		};
		931FBE4C29514C750054D9B2 /* Release */ = {
			isa = XCBuildConfiguration;
			buildSettings = {
				ALWAYS_SEARCH_USER_PATHS = NO;
				CLANG_ANALYZER_NONNULL = YES;
				CLANG_ANALYZER_NUMBER_OBJECT_CONVERSION = YES_AGGRESSIVE;
				CLANG_CXX_LANGUAGE_STANDARD = "gnu++20";
				CLANG_ENABLE_MODULES = YES;
				CLANG_ENABLE_OBJC_ARC = YES;
				CLANG_ENABLE_OBJC_WEAK = YES;
				CLANG_WARN_BLOCK_CAPTURE_AUTORELEASING = YES;
				CLANG_WARN_BOOL_CONVERSION = YES;
				CLANG_WARN_COMMA = YES;
				CLANG_WARN_CONSTANT_CONVERSION = YES;
				CLANG_WARN_DEPRECATED_OBJC_IMPLEMENTATIONS = YES;
				CLANG_WARN_DIRECT_OBJC_ISA_USAGE = YES_ERROR;
				CLANG_WARN_DOCUMENTATION_COMMENTS = YES;
				CLANG_WARN_EMPTY_BODY = YES;
				CLANG_WARN_ENUM_CONVERSION = YES;
				CLANG_WARN_INFINITE_RECURSION = YES;
				CLANG_WARN_INT_CONVERSION = YES;
				CLANG_WARN_NON_LITERAL_NULL_CONVERSION = YES;
				CLANG_WARN_OBJC_IMPLICIT_RETAIN_SELF = YES;
				CLANG_WARN_OBJC_LITERAL_CONVERSION = YES;
				CLANG_WARN_OBJC_ROOT_CLASS = YES_ERROR;
				CLANG_WARN_QUOTED_INCLUDE_IN_FRAMEWORK_HEADER = YES;
				CLANG_WARN_RANGE_LOOP_ANALYSIS = YES;
				CLANG_WARN_STRICT_PROTOTYPES = YES;
				CLANG_WARN_SUSPICIOUS_MOVE = YES;
				CLANG_WARN_UNGUARDED_AVAILABILITY = YES_AGGRESSIVE;
				CLANG_WARN_UNREACHABLE_CODE = YES;
				CLANG_WARN__DUPLICATE_METHOD_MATCH = YES;
				COPY_PHASE_STRIP = NO;
				DEBUG_INFORMATION_FORMAT = "dwarf-with-dsym";
				ENABLE_NS_ASSERTIONS = NO;
				ENABLE_STRICT_OBJC_MSGSEND = YES;
				GCC_C_LANGUAGE_STANDARD = gnu11;
				GCC_NO_COMMON_BLOCKS = YES;
				GCC_WARN_64_TO_32_BIT_CONVERSION = YES;
				GCC_WARN_ABOUT_RETURN_TYPE = YES_ERROR;
				GCC_WARN_UNDECLARED_SELECTOR = YES;
				GCC_WARN_UNINITIALIZED_AUTOS = YES_AGGRESSIVE;
				GCC_WARN_UNUSED_FUNCTION = YES;
				GCC_WARN_UNUSED_VARIABLE = YES;
				IPHONEOS_DEPLOYMENT_TARGET = 15.0;
				MTL_ENABLE_DEBUG_INFO = NO;
				MTL_FAST_MATH = YES;
				SDKROOT = iphoneos;
				SWIFT_COMPILATION_MODE = wholemodule;
				SWIFT_OPTIMIZATION_LEVEL = "-O";
				VALIDATE_PRODUCT = YES;
			};
			name = Release;
		};
		931FBE4E29514C750054D9B2 /* Debug */ = {
			isa = XCBuildConfiguration;
			buildSettings = {
				ASSETCATALOG_COMPILER_APPICON_NAME = AppIcon;
				ASSETCATALOG_COMPILER_GLOBAL_ACCENT_COLOR_NAME = AccentColor;
				CODE_SIGN_STYLE = Automatic;
				CURRENT_PROJECT_VERSION = 1;
				DEVELOPMENT_ASSET_PATHS = "\"MenToMen/Preview Content\"";
				DEVELOPMENT_TEAM = 56V747V83R;
				ENABLE_PREVIEWS = YES;
				GENERATE_INFOPLIST_FILE = YES;
				INFOPLIST_FILE = MenToMen/Info.plist;
				INFOPLIST_KEY_CFBundleDisplayName = "멘투멘";
				INFOPLIST_KEY_UIApplicationSceneManifest_Generation = YES;
				INFOPLIST_KEY_UIApplicationSupportsIndirectInputEvents = YES;
				INFOPLIST_KEY_UILaunchScreen_Generation = YES;
				INFOPLIST_KEY_UILaunchStoryboardName = "Launch Screen.storyboard";
				INFOPLIST_KEY_UISupportedInterfaceOrientations = UIInterfaceOrientationPortrait;
				INFOPLIST_KEY_UISupportedInterfaceOrientations_iPad = "UIInterfaceOrientationLandscapeLeft UIInterfaceOrientationLandscapeRight UIInterfaceOrientationPortrait UIInterfaceOrientationPortraitUpsideDown";
				IPHONEOS_DEPLOYMENT_TARGET = 15;
				LD_RUNPATH_SEARCH_PATHS = (
					"$(inherited)",
					"@executable_path/Frameworks",
				);
				MARKETING_VERSION = 2.0;
				PRODUCT_BUNDLE_IDENTIFIER = net.mercen.MenToMen;
				PRODUCT_NAME = "$(TARGET_NAME)";
				SWIFT_EMIT_LOC_STRINGS = YES;
				SWIFT_VERSION = 5.0;
				TARGETED_DEVICE_FAMILY = "1,2";
			};
			name = Debug;
		};
		931FBE4F29514C750054D9B2 /* Release */ = {
			isa = XCBuildConfiguration;
			buildSettings = {
				ASSETCATALOG_COMPILER_APPICON_NAME = AppIcon;
				ASSETCATALOG_COMPILER_GLOBAL_ACCENT_COLOR_NAME = AccentColor;
				CODE_SIGN_STYLE = Automatic;
				CURRENT_PROJECT_VERSION = 1;
				DEVELOPMENT_ASSET_PATHS = "\"MenToMen/Preview Content\"";
				DEVELOPMENT_TEAM = 56V747V83R;
				ENABLE_PREVIEWS = YES;
				GENERATE_INFOPLIST_FILE = YES;
				INFOPLIST_FILE = MenToMen/Info.plist;
				INFOPLIST_KEY_CFBundleDisplayName = "멘투멘";
				INFOPLIST_KEY_UIApplicationSceneManifest_Generation = YES;
				INFOPLIST_KEY_UIApplicationSupportsIndirectInputEvents = YES;
				INFOPLIST_KEY_UILaunchScreen_Generation = YES;
				INFOPLIST_KEY_UILaunchStoryboardName = "Launch Screen.storyboard";
				INFOPLIST_KEY_UISupportedInterfaceOrientations = UIInterfaceOrientationPortrait;
				INFOPLIST_KEY_UISupportedInterfaceOrientations_iPad = "UIInterfaceOrientationLandscapeLeft UIInterfaceOrientationLandscapeRight UIInterfaceOrientationPortrait UIInterfaceOrientationPortraitUpsideDown";
				IPHONEOS_DEPLOYMENT_TARGET = 15;
				LD_RUNPATH_SEARCH_PATHS = (
					"$(inherited)",
					"@executable_path/Frameworks",
				);
				MARKETING_VERSION = 2.0;
				PRODUCT_BUNDLE_IDENTIFIER = net.mercen.MenToMen;
				PRODUCT_NAME = "$(TARGET_NAME)";
				SWIFT_EMIT_LOC_STRINGS = YES;
				SWIFT_VERSION = 5.0;
				TARGETED_DEVICE_FAMILY = "1,2";
			};
			name = Release;
		};
/* End XCBuildConfiguration section */

/* Begin XCConfigurationList section */
		931FBE3A29514C740054D9B2 /* Build configuration list for PBXProject "MenToMen" */ = {
			isa = XCConfigurationList;
			buildConfigurations = (
				931FBE4B29514C750054D9B2 /* Debug */,
				931FBE4C29514C750054D9B2 /* Release */,
			);
			defaultConfigurationIsVisible = 0;
			defaultConfigurationName = Release;
		};
		931FBE4D29514C750054D9B2 /* Build configuration list for PBXNativeTarget "MenToMen" */ = {
			isa = XCConfigurationList;
			buildConfigurations = (
				931FBE4E29514C750054D9B2 /* Debug */,
				931FBE4F29514C750054D9B2 /* Release */,
			);
			defaultConfigurationIsVisible = 0;
			defaultConfigurationName = Release;
		};
/* End XCConfigurationList section */

/* Begin XCRemoteSwiftPackageReference section */
		931FBE5029514D890054D9B2 /* XCRemoteSwiftPackageReference "Alamofire" */ = {
			isa = XCRemoteSwiftPackageReference;
			repositoryURL = "https://github.com/Alamofire/Alamofire";
			requirement = {
				kind = upToNextMajorVersion;
				minimumVersion = 5.0.0;
			};
		};
		931FBE6E29518C3C0054D9B2 /* XCRemoteSwiftPackageReference "swiftui-cached-async-image" */ = {
			isa = XCRemoteSwiftPackageReference;
			repositoryURL = "https://github.com/lorenzofiamingo/swiftui-cached-async-image";
			requirement = {
				branch = main;
				kind = branch;
			};
		};
/* End XCRemoteSwiftPackageReference section */

/* Begin XCSwiftPackageProductDependency section */
		931FBE5129514D890054D9B2 /* Alamofire */ = {
			isa = XCSwiftPackageProductDependency;
			package = 931FBE5029514D890054D9B2 /* XCRemoteSwiftPackageReference "Alamofire" */;
			productName = Alamofire;
		};
		931FBE6F29518C3C0054D9B2 /* CachedAsyncImage */ = {
			isa = XCSwiftPackageProductDependency;
			package = 931FBE6E29518C3C0054D9B2 /* XCRemoteSwiftPackageReference "swiftui-cached-async-image" */;
			productName = CachedAsyncImage;
		};
/* End XCSwiftPackageProductDependency section */
	};
	rootObject = 931FBE3729514C740054D9B2 /* Project object */;
}
